
Microsoft Visual Studio Solution File, Format Version 12.00
# Visual Studio Version 17
VisualStudioVersion = 17.2.32616.157
MinimumVisualStudioVersion = 10.0.40219.1
Project("{FAE04EC0-301F-11D3-BF4B-00C04F79EFBC}") = "DiceRoller", "DiceRoller\DiceRoller.csproj", "{03EDD562-DBB1-426B-9435-0D0EE29B139A}"
EndProject
Global
	GlobalSection(SolutionConfigurationPlatforms) = preSolution
		Debug|Any CPU = Debug|Any CPU
		Release|Any CPU = Release|Any CPU
	EndGlobalSection
	GlobalSection(ProjectConfigurationPlatforms) = postSolution
		{03EDD562-DBB1-426B-9435-0D0EE29B139A}.Debug|Any CPU.ActiveCfg = Debug|Any CPU
		{03EDD562-DBB1-426B-9435-0D0EE29B139A}.Debug|Any CPU.Build.0 = Debug|Any CPU
		{03EDD562-DBB1-426B-9435-0D0EE29B139A}.Release|Any CPU.ActiveCfg = Release|Any CPU
		{03EDD562-DBB1-426B-9435-0D0EE29B139A}.Release|Any CPU.Build.0 = Release|Any CPU
	EndGlobalSection
	GlobalSection(SolutionProperties) = preSolution
		HideSolutionNode = FALSE
	EndGlobalSection
	GlobalSection(ExtensibilityGlobals) = postSolution
		SolutionGuid = {7054CB1C-6A92-4AD9-AA5C-C3CDF93564B4}
	EndGlobalSection
EndGlobal
